{
  "object": {
    "pins": [
      {
        "package": "TreeSitter",
        "repositoryURL": "https://github.com/tree-sitter/tree-sitter",
        "state": {
          "branch": "master",
          "revision": "3e72969ce48c2356e931ea2fa2580d497037a7b4",
          "version": null
        }
      }
    ]
  },
  "version": 1
}
